
Microsoft Visual Studio Solution File, Format Version 12.00
# Visual Studio 15
Project("{FAE04EC0-301F-11D3-BF4B-00C04F79EFBC}") = "Assembly-CSharp", "Assembly-CSharp.csproj", "{8EE637AC-4CAC-6B85-CD97-9C457C892E58}"
EndProject
Project("{FAE04EC0-301F-11D3-BF4B-00C04F79EFBC}") = "Assembly-CSharp-Editor", "Assembly-CSharp-Editor.csproj", "{6DA418DB-ED28-9285-2339-43C429790793}"
EndProject
Global
	GlobalSection(SolutionConfigurationPlatforms) = preSolution
		Debug|Any CPU = Debug|Any CPU
		Release|Any CPU = Release|Any CPU
	EndGlobalSection
	GlobalSection(ProjectConfigurationPlatforms) = postSolution
		{8EE637AC-4CAC-6B85-CD97-9C457C892E58}.Debug|Any CPU.ActiveCfg = Debug|Any CPU
		{8EE637AC-4CAC-6B85-CD97-9C457C892E58}.Debug|Any CPU.Build.0 = Debug|Any CPU
		{8EE637AC-4CAC-6B85-CD97-9C457C892E58}.Release|Any CPU.ActiveCfg = Release|Any CPU
		{8EE637AC-4CAC-6B85-CD97-9C457C892E58}.Release|Any CPU.Build.0 = Release|Any CPU
		{6DA418DB-ED28-9285-2339-43C429790793}.Debug|Any CPU.ActiveCfg = Debug|Any CPU
		{6DA418DB-ED28-9285-2339-43C429790793}.Debug|Any CPU.Build.0 = Debug|Any CPU
		{6DA418DB-ED28-9285-2339-43C429790793}.Release|Any CPU.ActiveCfg = Release|Any CPU
		{6DA418DB-ED28-9285-2339-43C429790793}.Release|Any CPU.Build.0 = Release|Any CPU
	EndGlobalSection
	GlobalSection(SolutionProperties) = preSolution
		HideSolutionNode = FALSE
	EndGlobalSection
EndGlobal
